
Microsoft Visual Studio Solution File, Format Version 12.00
# Visual Studio Version 16
VisualStudioVersion = 16.0.31321.278
MinimumVisualStudioVersion = 10.0.40219.1
Project("{FAE04EC0-301F-11D3-BF4B-00C04F79EFBC}") = "ExpendedoraProyecto-G3-2022-I", "ExpendedoraProyecto-G3-2022-I.csproj", "{FD3748D5-0BBE-4D53-AA82-93B8B732FBBB}"
EndProject
Global
	GlobalSection(SolutionConfigurationPlatforms) = preSolution
		Debug|Any CPU = Debug|Any CPU
		Release|Any CPU = Release|Any CPU
	EndGlobalSection
	GlobalSection(ProjectConfigurationPlatforms) = postSolution
		{FD3748D5-0BBE-4D53-AA82-93B8B732FBBB}.Debug|Any CPU.ActiveCfg = Debug|Any CPU
		{FD3748D5-0BBE-4D53-AA82-93B8B732FBBB}.Debug|Any CPU.Build.0 = Debug|Any CPU
		{FD3748D5-0BBE-4D53-AA82-93B8B732FBBB}.Release|Any CPU.ActiveCfg = Release|Any CPU
		{FD3748D5-0BBE-4D53-AA82-93B8B732FBBB}.Release|Any CPU.Build.0 = Release|Any CPU
	EndGlobalSection
	GlobalSection(SolutionProperties) = preSolution
		HideSolutionNode = FALSE
	EndGlobalSection
	GlobalSection(ExtensibilityGlobals) = postSolution
		SolutionGuid = {E87BA830-4346-4419-A545-34434AEBAD2A}
	EndGlobalSection
EndGlobal
